// !$*UTF8*$!
{
	archiveVersion = 1;
	classes = {
	};
	objectVersion = 50;
	objects = {

/* Begin PBXBuildFile section */
		033F807420FA4E7C005217E4 /* AppDelegate.swift in Sources */ = {isa = PBXBuildFile; fileRef = 033F807320FA4E7C005217E4 /* AppDelegate.swift */; };
		033F807620FA4E7C005217E4 /* ViewController.swift in Sources */ = {isa = PBXBuildFile; fileRef = 033F807520FA4E7C005217E4 /* ViewController.swift */; };
		033F807920FA4E7C005217E4 /* Main.storyboard in Resources */ = {isa = PBXBuildFile; fileRef = 033F807720FA4E7C005217E4 /* Main.storyboard */; };
		033F807C20FA4E7C005217E4 /* GoscaleAsignment.xcdatamodeld in Sources */ = {isa = PBXBuildFile; fileRef = 033F807A20FA4E7C005217E4 /* GoscaleAsignment.xcdatamodeld */; };
		033F807E20FA4E7D005217E4 /* Assets.xcassets in Resources */ = {isa = PBXBuildFile; fileRef = 033F807D20FA4E7D005217E4 /* Assets.xcassets */; };
		033F808120FA4E7D005217E4 /* LaunchScreen.storyboard in Resources */ = {isa = PBXBuildFile; fileRef = 033F807F20FA4E7D005217E4 /* LaunchScreen.storyboard */; };
		033F808C20FA4E7D005217E4 /* GoscaleAsignmentTests.swift in Sources */ = {isa = PBXBuildFile; fileRef = 033F808B20FA4E7D005217E4 /* GoscaleAsignmentTests.swift */; };
		033F809720FA4E7D005217E4 /* GoscaleAsignmentUITests.swift in Sources */ = {isa = PBXBuildFile; fileRef = 033F809620FA4E7D005217E4 /* GoscaleAsignmentUITests.swift */; };
		033F80A520FA4FE4005217E4 /* Constant.swift in Sources */ = {isa = PBXBuildFile; fileRef = 033F80A420FA4FE4005217E4 /* Constant.swift */; };
		033F80A720FA50B8005217E4 /* LocationManager.swift in Sources */ = {isa = PBXBuildFile; fileRef = 033F80A620FA50B8005217E4 /* LocationManager.swift */; };
		033F80B020FB4D9C005217E4 /* ReachabilityManager.swift in Sources */ = {isa = PBXBuildFile; fileRef = 033F80AC20FB4D9C005217E4 /* ReachabilityManager.swift */; };
		033F80B120FB4D9C005217E4 /* NetworkRequestModel.swift in Sources */ = {isa = PBXBuildFile; fileRef = 033F80AD20FB4D9C005217E4 /* NetworkRequestModel.swift */; };
		033F80B220FB4D9C005217E4 /* NetworkError.swift in Sources */ = {isa = PBXBuildFile; fileRef = 033F80AE20FB4D9C005217E4 /* NetworkError.swift */; };
		033F80B320FB4D9C005217E4 /* GANetwork.swift in Sources */ = {isa = PBXBuildFile; fileRef = 033F80AF20FB4D9C005217E4 /* GANetwork.swift */; };
		033F80BA20FB4E2F005217E4 /* NetworkOperation.swift in Sources */ = {isa = PBXBuildFile; fileRef = 033F80B720FB4E2F005217E4 /* NetworkOperation.swift */; };
		033F80BB20FB4E2F005217E4 /* AsyncOperation.swift in Sources */ = {isa = PBXBuildFile; fileRef = 033F80B920FB4E2F005217E4 /* AsyncOperation.swift */; };
		033F80BE20FB4EBD005217E4 /* SwiftyJSON.swift in Sources */ = {isa = PBXBuildFile; fileRef = 033F80BD20FB4EBC005217E4 /* SwiftyJSON.swift */; };
		033F80C320FBAA49005217E4 /* CoreDataManager.swift in Sources */ = {isa = PBXBuildFile; fileRef = 033F80C120FBAA49005217E4 /* CoreDataManager.swift */; };
		033F80C420FBAA49005217E4 /* CoreDataStack.swift in Sources */ = {isa = PBXBuildFile; fileRef = 033F80C220FBAA49005217E4 /* CoreDataStack.swift */; };
		033F80CF20FBBE96005217E4 /* DemoBaseViewController.swift in Sources */ = {isa = PBXBuildFile; fileRef = 033F80CE20FBBE96005217E4 /* DemoBaseViewController.swift */; };
		793422ECD7209EA5DA7137B6 /* Pods_GoscaleAsignment.framework in Frameworks */ = {isa = PBXBuildFile; fileRef = D601A94967B72E4E6DA92806 /* Pods_GoscaleAsignment.framework */; };
		79D45A47C62CD6A394D87873 /* Pods_GoscaleAsignmentUITests.framework in Frameworks */ = {isa = PBXBuildFile; fileRef = 718EA55EB5C73DE08F115B20 /* Pods_GoscaleAsignmentUITests.framework */; };
		CA72D93A024EDB9E20C13775 /* Pods_GoscaleAsignmentTests.framework in Frameworks */ = {isa = PBXBuildFile; fileRef = 5672A69E51406962343CBAE8 /* Pods_GoscaleAsignmentTests.framework */; };
/* End PBXBuildFile section */

/* Begin PBXContainerItemProxy section */
		033F808820FA4E7D005217E4 /* PBXContainerItemProxy */ = {
			isa = PBXContainerItemProxy;
			containerPortal = 033F806820FA4E7C005217E4 /* Project object */;
			proxyType = 1;
			remoteGlobalIDString = 033F806F20FA4E7C005217E4;
			remoteInfo = GoscaleAsignment;
		};
		033F809320FA4E7D005217E4 /* PBXContainerItemProxy */ = {
			isa = PBXContainerItemProxy;
			containerPortal = 033F806820FA4E7C005217E4 /* Project object */;
			proxyType = 1;
			remoteGlobalIDString = 033F806F20FA4E7C005217E4;
			remoteInfo = GoscaleAsignment;
		};
/* End PBXContainerItemProxy section */

/* Begin PBXFileReference section */
		033F807020FA4E7C005217E4 /* GoscaleAsignment.app */ = {isa = PBXFileReference; explicitFileType = wrapper.application; includeInIndex = 0; path = GoscaleAsignment.app; sourceTree = BUILT_PRODUCTS_DIR; };
		033F807320FA4E7C005217E4 /* AppDelegate.swift */ = {isa = PBXFileReference; lastKnownFileType = sourcecode.swift; path = AppDelegate.swift; sourceTree = "<group>"; };
		033F807520FA4E7C005217E4 /* ViewController.swift */ = {isa = PBXFileReference; lastKnownFileType = sourcecode.swift; path = ViewController.swift; sourceTree = "<group>"; };
		033F807820FA4E7C005217E4 /* Base */ = {isa = PBXFileReference; lastKnownFileType = file.storyboard; name = Base; path = Base.lproj/Main.storyboard; sourceTree = "<group>"; };
		033F807B20FA4E7C005217E4 /* GoscaleAsignment.xcdatamodel */ = {isa = PBXFileReference; lastKnownFileType = wrapper.xcdatamodel; path = GoscaleAsignment.xcdatamodel; sourceTree = "<group>"; };
		033F807D20FA4E7D005217E4 /* Assets.xcassets */ = {isa = PBXFileReference; lastKnownFileType = folder.assetcatalog; path = Assets.xcassets; sourceTree = "<group>"; };
		033F808020FA4E7D005217E4 /* Base */ = {isa = PBXFileReference; lastKnownFileType = file.storyboard; name = Base; path = Base.lproj/LaunchScreen.storyboard; sourceTree = "<group>"; };
		033F808220FA4E7D005217E4 /* Info.plist */ = {isa = PBXFileReference; lastKnownFileType = text.plist.xml; path = Info.plist; sourceTree = "<group>"; };
		033F808720FA4E7D005217E4 /* GoscaleAsignmentTests.xctest */ = {isa = PBXFileReference; explicitFileType = wrapper.cfbundle; includeInIndex = 0; path = GoscaleAsignmentTests.xctest; sourceTree = BUILT_PRODUCTS_DIR; };
		033F808B20FA4E7D005217E4 /* GoscaleAsignmentTests.swift */ = {isa = PBXFileReference; lastKnownFileType = sourcecode.swift; path = GoscaleAsignmentTests.swift; sourceTree = "<group>"; };
		033F808D20FA4E7D005217E4 /* Info.plist */ = {isa = PBXFileReference; lastKnownFileType = text.plist.xml; path = Info.plist; sourceTree = "<group>"; };
		033F809220FA4E7D005217E4 /* GoscaleAsignmentUITests.xctest */ = {isa = PBXFileReference; explicitFileType = wrapper.cfbundle; includeInIndex = 0; path = GoscaleAsignmentUITests.xctest; sourceTree = BUILT_PRODUCTS_DIR; };
		033F809620FA4E7D005217E4 /* GoscaleAsignmentUITests.swift */ = {isa = PBXFileReference; lastKnownFileType = sourcecode.swift; path = GoscaleAsignmentUITests.swift; sourceTree = "<group>"; };
		033F809820FA4E7D005217E4 /* Info.plist */ = {isa = PBXFileReference; lastKnownFileType = text.plist.xml; path = Info.plist; sourceTree = "<group>"; };
		033F80A420FA4FE4005217E4 /* Constant.swift */ = {isa = PBXFileReference; lastKnownFileType = sourcecode.swift; path = Constant.swift; sourceTree = "<group>"; };
		033F80A620FA50B8005217E4 /* LocationManager.swift */ = {isa = PBXFileReference; lastKnownFileType = sourcecode.swift; path = LocationManager.swift; sourceTree = "<group>"; };
		033F80AC20FB4D9C005217E4 /* ReachabilityManager.swift */ = {isa = PBXFileReference; fileEncoding = 4; lastKnownFileType = sourcecode.swift; path = ReachabilityManager.swift; sourceTree = "<group>"; };
		033F80AD20FB4D9C005217E4 /* NetworkRequestModel.swift */ = {isa = PBXFileReference; fileEncoding = 4; lastKnownFileType = sourcecode.swift; path = NetworkRequestModel.swift; sourceTree = "<group>"; };
		033F80AE20FB4D9C005217E4 /* NetworkError.swift */ = {isa = PBXFileReference; fileEncoding = 4; lastKnownFileType = sourcecode.swift; path = NetworkError.swift; sourceTree = "<group>"; };
		033F80AF20FB4D9C005217E4 /* GANetwork.swift */ = {isa = PBXFileReference; fileEncoding = 4; lastKnownFileType = sourcecode.swift; path = GANetwork.swift; sourceTree = "<group>"; };
		033F80B720FB4E2F005217E4 /* NetworkOperation.swift */ = {isa = PBXFileReference; fileEncoding = 4; lastKnownFileType = sourcecode.swift; path = NetworkOperation.swift; sourceTree = "<group>"; };
		033F80B920FB4E2F005217E4 /* AsyncOperation.swift */ = {isa = PBXFileReference; fileEncoding = 4; lastKnownFileType = sourcecode.swift; path = AsyncOperation.swift; sourceTree = "<group>"; };
		033F80BD20FB4EBC005217E4 /* SwiftyJSON.swift */ = {isa = PBXFileReference; fileEncoding = 4; lastKnownFileType = sourcecode.swift; path = SwiftyJSON.swift; sourceTree = "<group>"; };
		033F80C120FBAA49005217E4 /* CoreDataManager.swift */ = {isa = PBXFileReference; fileEncoding = 4; lastKnownFileType = sourcecode.swift; path = CoreDataManager.swift; sourceTree = "<group>"; };
		033F80C220FBAA49005217E4 /* CoreDataStack.swift */ = {isa = PBXFileReference; fileEncoding = 4; lastKnownFileType = sourcecode.swift; path = CoreDataStack.swift; sourceTree = "<group>"; };
		033F80CE20FBBE96005217E4 /* DemoBaseViewController.swift */ = {isa = PBXFileReference; fileEncoding = 4; lastKnownFileType = sourcecode.swift; path = DemoBaseViewController.swift; sourceTree = "<group>"; };
		1CFBB0C2023DF77B109ABF1C /* Pods-GoscaleAsignment.release.xcconfig */ = {isa = PBXFileReference; includeInIndex = 1; lastKnownFileType = text.xcconfig; name = "Pods-GoscaleAsignment.release.xcconfig"; path = "Pods/Target Support Files/Pods-GoscaleAsignment/Pods-GoscaleAsignment.release.xcconfig"; sourceTree = "<group>"; };
		5672A69E51406962343CBAE8 /* Pods_GoscaleAsignmentTests.framework */ = {isa = PBXFileReference; explicitFileType = wrapper.framework; includeInIndex = 0; path = Pods_GoscaleAsignmentTests.framework; sourceTree = BUILT_PRODUCTS_DIR; };
		718EA55EB5C73DE08F115B20 /* Pods_GoscaleAsignmentUITests.framework */ = {isa = PBXFileReference; explicitFileType = wrapper.framework; includeInIndex = 0; path = Pods_GoscaleAsignmentUITests.framework; sourceTree = BUILT_PRODUCTS_DIR; };
		816604BF1DE93804E1F15754 /* Pods-GoscaleAsignmentTests.debug.xcconfig */ = {isa = PBXFileReference; includeInIndex = 1; lastKnownFileType = text.xcconfig; name = "Pods-GoscaleAsignmentTests.debug.xcconfig"; path = "Pods/Target Support Files/Pods-GoscaleAsignmentTests/Pods-GoscaleAsignmentTests.debug.xcconfig"; sourceTree = "<group>"; };
		A0DA4E5C61B175BB0269A397 /* Pods-GoscaleAsignmentUITests.debug.xcconfig */ = {isa = PBXFileReference; includeInIndex = 1; lastKnownFileType = text.xcconfig; name = "Pods-GoscaleAsignmentUITests.debug.xcconfig"; path = "Pods/Target Support Files/Pods-GoscaleAsignmentUITests/Pods-GoscaleAsignmentUITests.debug.xcconfig"; sourceTree = "<group>"; };
		ADF17D5A880B99024C10507D /* Pods-GoscaleAsignmentTests.release.xcconfig */ = {isa = PBXFileReference; includeInIndex = 1; lastKnownFileType = text.xcconfig; name = "Pods-GoscaleAsignmentTests.release.xcconfig"; path = "Pods/Target Support Files/Pods-GoscaleAsignmentTests/Pods-GoscaleAsignmentTests.release.xcconfig"; sourceTree = "<group>"; };
		D601A94967B72E4E6DA92806 /* Pods_GoscaleAsignment.framework */ = {isa = PBXFileReference; explicitFileType = wrapper.framework; includeInIndex = 0; path = Pods_GoscaleAsignment.framework; sourceTree = BUILT_PRODUCTS_DIR; };
		E0F7569454167CCE78CF2DEA /* Pods-GoscaleAsignmentUITests.release.xcconfig */ = {isa = PBXFileReference; includeInIndex = 1; lastKnownFileType = text.xcconfig; name = "Pods-GoscaleAsignmentUITests.release.xcconfig"; path = "Pods/Target Support Files/Pods-GoscaleAsignmentUITests/Pods-GoscaleAsignmentUITests.release.xcconfig"; sourceTree = "<group>"; };
		FCD9AE9F0D298FE7908AC1C1 /* Pods-GoscaleAsignment.debug.xcconfig */ = {isa = PBXFileReference; includeInIndex = 1; lastKnownFileType = text.xcconfig; name = "Pods-GoscaleAsignment.debug.xcconfig"; path = "Pods/Target Support Files/Pods-GoscaleAsignment/Pods-GoscaleAsignment.debug.xcconfig"; sourceTree = "<group>"; };
/* End PBXFileReference section */

/* Begin PBXFrameworksBuildPhase section */
		033F806D20FA4E7C005217E4 /* Frameworks */ = {
			isa = PBXFrameworksBuildPhase;
			buildActionMask = 2147483647;
			files = (
				793422ECD7209EA5DA7137B6 /* Pods_GoscaleAsignment.framework in Frameworks */,
			);
			runOnlyForDeploymentPostprocessing = 0;
		};
		033F808420FA4E7D005217E4 /* Frameworks */ = {
			isa = PBXFrameworksBuildPhase;
			buildActionMask = 2147483647;
			files = (
				CA72D93A024EDB9E20C13775 /* Pods_GoscaleAsignmentTests.framework in Frameworks */,
			);
			runOnlyForDeploymentPostprocessing = 0;
		};
		033F808F20FA4E7D005217E4 /* Frameworks */ = {
			isa = PBXFrameworksBuildPhase;
			buildActionMask = 2147483647;
			files = (
				79D45A47C62CD6A394D87873 /* Pods_GoscaleAsignmentUITests.framework in Frameworks */,
			);
			runOnlyForDeploymentPostprocessing = 0;
		};
/* End PBXFrameworksBuildPhase section */

/* Begin PBXGroup section */
		033F806720FA4E7C005217E4 = {
			isa = PBXGroup;
			children = (
				033F807220FA4E7C005217E4 /* GoscaleAsignment */,
				033F808A20FA4E7D005217E4 /* GoscaleAsignmentTests */,
				033F809520FA4E7D005217E4 /* GoscaleAsignmentUITests */,
				033F807120FA4E7C005217E4 /* Products */,
				5378AF59CC0193D90846D31E /* Pods */,
				FDCE3239E81B99D58FF2020B /* Frameworks */,
			);
			sourceTree = "<group>";
		};
		033F807120FA4E7C005217E4 /* Products */ = {
			isa = PBXGroup;
			children = (
				033F807020FA4E7C005217E4 /* GoscaleAsignment.app */,
				033F808720FA4E7D005217E4 /* GoscaleAsignmentTests.xctest */,
				033F809220FA4E7D005217E4 /* GoscaleAsignmentUITests.xctest */,
			);
			name = Products;
			sourceTree = "<group>";
		};
		033F807220FA4E7C005217E4 /* GoscaleAsignment */ = {
			isa = PBXGroup;
			children = (
				033F80C620FBAADE005217E4 /* Resources */,
				033F80C520FBAAC9005217E4 /* Views */,
				033F80C020FBAA23005217E4 /* Model */,
				033F80A820FB263C005217E4 /* Service */,
				033F807D20FA4E7D005217E4 /* Assets.xcassets */,
				033F808220FA4E7D005217E4 /* Info.plist */,
				033F80A420FA4FE4005217E4 /* Constant.swift */,
				033F80A620FA50B8005217E4 /* LocationManager.swift */,
			);
			path = GoscaleAsignment;
			sourceTree = "<group>";
		};
		033F808A20FA4E7D005217E4 /* GoscaleAsignmentTests */ = {
			isa = PBXGroup;
			children = (
				033F808B20FA4E7D005217E4 /* GoscaleAsignmentTests.swift */,
				033F808D20FA4E7D005217E4 /* Info.plist */,
			);
			path = GoscaleAsignmentTests;
			sourceTree = "<group>";
		};
		033F809520FA4E7D005217E4 /* GoscaleAsignmentUITests */ = {
			isa = PBXGroup;
			children = (
				033F809620FA4E7D005217E4 /* GoscaleAsignmentUITests.swift */,
				033F809820FA4E7D005217E4 /* Info.plist */,
			);
			path = GoscaleAsignmentUITests;
			sourceTree = "<group>";
		};
		033F80A820FB263C005217E4 /* Service */ = {
			isa = PBXGroup;
			children = (
				033F80BC20FB4EBC005217E4 /* JSON Converter */,
				033F80B620FB4E2F005217E4 /* Operations */,
				033F80AB20FB4D9C005217E4 /* Abstract */,
				033F80AF20FB4D9C005217E4 /* GANetwork.swift */,
			);
			path = Service;
			sourceTree = "<group>";
		};
		033F80AB20FB4D9C005217E4 /* Abstract */ = {
			isa = PBXGroup;
			children = (
				033F80AC20FB4D9C005217E4 /* ReachabilityManager.swift */,
				033F80AD20FB4D9C005217E4 /* NetworkRequestModel.swift */,
				033F80AE20FB4D9C005217E4 /* NetworkError.swift */,
			);
			path = Abstract;
			sourceTree = "<group>";
		};
		033F80B620FB4E2F005217E4 /* Operations */ = {
			isa = PBXGroup;
			children = (
				033F80B720FB4E2F005217E4 /* NetworkOperation.swift */,
				033F80B820FB4E2F005217E4 /* Abstract */,
			);
			path = Operations;
			sourceTree = "<group>";
		};
		033F80B820FB4E2F005217E4 /* Abstract */ = {
			isa = PBXGroup;
			children = (
				033F80B920FB4E2F005217E4 /* AsyncOperation.swift */,
			);
			path = Abstract;
			sourceTree = "<group>";
		};
		033F80BC20FB4EBC005217E4 /* JSON Converter */ = {
			isa = PBXGroup;
			children = (
				033F80BD20FB4EBC005217E4 /* SwiftyJSON.swift */,
			);
			path = "JSON Converter";
			sourceTree = "<group>";
		};
		033F80C020FBAA23005217E4 /* Model */ = {
			isa = PBXGroup;
			children = (
				033F80C120FBAA49005217E4 /* CoreDataManager.swift */,
				033F80C220FBAA49005217E4 /* CoreDataStack.swift */,
				033F807A20FA4E7C005217E4 /* GoscaleAsignment.xcdatamodeld */,
			);
			path = Model;
			sourceTree = "<group>";
		};
		033F80C520FBAAC9005217E4 /* Views */ = {
			isa = PBXGroup;
			children = (
				033F80C920FBBDDB005217E4 /* BaseChartViewcontroller */,
				033F807520FA4E7C005217E4 /* ViewController.swift */,
			);
			path = Views;
			sourceTree = "<group>";
		};
		033F80C620FBAADE005217E4 /* Resources */ = {
			isa = PBXGroup;
			children = (
				033F807320FA4E7C005217E4 /* AppDelegate.swift */,
				033F807720FA4E7C005217E4 /* Main.storyboard */,
				033F807F20FA4E7D005217E4 /* LaunchScreen.storyboard */,
			);
			path = Resources;
			sourceTree = "<group>";
		};
		033F80C920FBBDDB005217E4 /* BaseChartViewcontroller */ = {
			isa = PBXGroup;
			children = (
				033F80CE20FBBE96005217E4 /* DemoBaseViewController.swift */,
			);
			path = BaseChartViewcontroller;
			sourceTree = "<group>";
		};
		5378AF59CC0193D90846D31E /* Pods */ = {
			isa = PBXGroup;
			children = (
				FCD9AE9F0D298FE7908AC1C1 /* Pods-GoscaleAsignment.debug.xcconfig */,
				1CFBB0C2023DF77B109ABF1C /* Pods-GoscaleAsignment.release.xcconfig */,
				816604BF1DE93804E1F15754 /* Pods-GoscaleAsignmentTests.debug.xcconfig */,
				ADF17D5A880B99024C10507D /* Pods-GoscaleAsignmentTests.release.xcconfig */,
				A0DA4E5C61B175BB0269A397 /* Pods-GoscaleAsignmentUITests.debug.xcconfig */,
				E0F7569454167CCE78CF2DEA /* Pods-GoscaleAsignmentUITests.release.xcconfig */,
			);
			name = Pods;
			sourceTree = "<group>";
		};
		FDCE3239E81B99D58FF2020B /* Frameworks */ = {
			isa = PBXGroup;
			children = (
				D601A94967B72E4E6DA92806 /* Pods_GoscaleAsignment.framework */,
				5672A69E51406962343CBAE8 /* Pods_GoscaleAsignmentTests.framework */,
				718EA55EB5C73DE08F115B20 /* Pods_GoscaleAsignmentUITests.framework */,
			);
			name = Frameworks;
			sourceTree = "<group>";
		};
/* End PBXGroup section */

/* Begin PBXNativeTarget section */
		033F806F20FA4E7C005217E4 /* GoscaleAsignment */ = {
			isa = PBXNativeTarget;
			buildConfigurationList = 033F809B20FA4E7D005217E4 /* Build configuration list for PBXNativeTarget "GoscaleAsignment" */;
			buildPhases = (
				4C103130F599F2732B692E78 /* [CP] Check Pods Manifest.lock */,
				033F806C20FA4E7C005217E4 /* Sources */,
				033F806D20FA4E7C005217E4 /* Frameworks */,
				033F806E20FA4E7C005217E4 /* Resources */,
				FEF6AA8C82A6A6CB95C48CE4 /* [CP] Embed Pods Frameworks */,
			);
			buildRules = (
			);
			dependencies = (
			);
			name = GoscaleAsignment;
			productName = GoscaleAsignment;
			productReference = 033F807020FA4E7C005217E4 /* GoscaleAsignment.app */;
			productType = "com.apple.product-type.application";
		};
		033F808620FA4E7D005217E4 /* GoscaleAsignmentTests */ = {
			isa = PBXNativeTarget;
			buildConfigurationList = 033F809E20FA4E7D005217E4 /* Build configuration list for PBXNativeTarget "GoscaleAsignmentTests" */;
			buildPhases = (
				38ED993AFD538A691C1AB671 /* [CP] Check Pods Manifest.lock */,
				033F808320FA4E7D005217E4 /* Sources */,
				033F808420FA4E7D005217E4 /* Frameworks */,
				033F808520FA4E7D005217E4 /* Resources */,
			);
			buildRules = (
			);
			dependencies = (
				033F808920FA4E7D005217E4 /* PBXTargetDependency */,
			);
			name = GoscaleAsignmentTests;
			productName = GoscaleAsignmentTests;
			productReference = 033F808720FA4E7D005217E4 /* GoscaleAsignmentTests.xctest */;
			productType = "com.apple.product-type.bundle.unit-test";
		};
		033F809120FA4E7D005217E4 /* GoscaleAsignmentUITests */ = {
			isa = PBXNativeTarget;
			buildConfigurationList = 033F80A120FA4E7D005217E4 /* Build configuration list for PBXNativeTarget "GoscaleAsignmentUITests" */;
			buildPhases = (
				6777990333610D2BB7BB4AE2 /* [CP] Check Pods Manifest.lock */,
				033F808E20FA4E7D005217E4 /* Sources */,
				033F808F20FA4E7D005217E4 /* Frameworks */,
				033F809020FA4E7D005217E4 /* Resources */,
			);
			buildRules = (
			);
			dependencies = (
				033F809420FA4E7D005217E4 /* PBXTargetDependency */,
			);
			name = GoscaleAsignmentUITests;
			productName = GoscaleAsignmentUITests;
			productReference = 033F809220FA4E7D005217E4 /* GoscaleAsignmentUITests.xctest */;
			productType = "com.apple.product-type.bundle.ui-testing";
		};
/* End PBXNativeTarget section */

/* Begin PBXProject section */
		033F806820FA4E7C005217E4 /* Project object */ = {
			isa = PBXProject;
			attributes = {
				LastSwiftUpdateCheck = 0930;
				LastUpgradeCheck = 0930;
				ORGANIZATIONNAME = "ITC Infotech";
				TargetAttributes = {
					033F806F20FA4E7C005217E4 = {
						CreatedOnToolsVersion = 9.3.1;
						LastSwiftMigration = 0930;
					};
					033F808620FA4E7D005217E4 = {
						CreatedOnToolsVersion = 9.3.1;
						TestTargetID = 033F806F20FA4E7C005217E4;
					};
					033F809120FA4E7D005217E4 = {
						CreatedOnToolsVersion = 9.3.1;
						TestTargetID = 033F806F20FA4E7C005217E4;
					};
				};
			};
			buildConfigurationList = 033F806B20FA4E7C005217E4 /* Build configuration list for PBXProject "GoscaleAsignment" */;
			compatibilityVersion = "Xcode 9.3";
			developmentRegion = en;
			hasScannedForEncodings = 0;
			knownRegions = (
				en,
				Base,
			);
			mainGroup = 033F806720FA4E7C005217E4;
			productRefGroup = 033F807120FA4E7C005217E4 /* Products */;
			projectDirPath = "";
			projectRoot = "";
			targets = (
				033F806F20FA4E7C005217E4 /* GoscaleAsignment */,
				033F808620FA4E7D005217E4 /* GoscaleAsignmentTests */,
				033F809120FA4E7D005217E4 /* GoscaleAsignmentUITests */,
			);
		};
/* End PBXProject section */

/* Begin PBXResourcesBuildPhase section */
		033F806E20FA4E7C005217E4 /* Resources */ = {
			isa = PBXResourcesBuildPhase;
			buildActionMask = 2147483647;
			files = (
				033F808120FA4E7D005217E4 /* LaunchScreen.storyboard in Resources */,
				033F807E20FA4E7D005217E4 /* Assets.xcassets in Resources */,
				033F807920FA4E7C005217E4 /* Main.storyboard in Resources */,
			);
			runOnlyForDeploymentPostprocessing = 0;
		};
		033F808520FA4E7D005217E4 /* Resources */ = {
			isa = PBXResourcesBuildPhase;
			buildActionMask = 2147483647;
			files = (
			);
			runOnlyForDeploymentPostprocessing = 0;
		};
		033F809020FA4E7D005217E4 /* Resources */ = {
			isa = PBXResourcesBuildPhase;
			buildActionMask = 2147483647;
			files = (
			);
			runOnlyForDeploymentPostprocessing = 0;
		};
/* End PBXResourcesBuildPhase section */

/* Begin PBXShellScriptBuildPhase section */
		38ED993AFD538A691C1AB671 /* [CP] Check Pods Manifest.lock */ = {
			isa = PBXShellScriptBuildPhase;
			buildActionMask = 2147483647;
			files = (
			);
			inputPaths = (
				"${PODS_PODFILE_DIR_PATH}/Podfile.lock",
				"${PODS_ROOT}/Manifest.lock",
			);
			name = "[CP] Check Pods Manifest.lock";
			outputPaths = (
				"$(DERIVED_FILE_DIR)/Pods-GoscaleAsignmentTests-checkManifestLockResult.txt",
			);
			runOnlyForDeploymentPostprocessing = 0;
			shellPath = /bin/sh;
			shellScript = "diff \"${PODS_PODFILE_DIR_PATH}/Podfile.lock\" \"${PODS_ROOT}/Manifest.lock\" > /dev/null\nif [ $? != 0 ] ; then\n    # print error to STDERR\n    echo \"error: The sandbox is not in sync with the Podfile.lock. Run 'pod install' or update your CocoaPods installation.\" >&2\n    exit 1\nfi\n# This output is used by Xcode 'outputs' to avoid re-running this script phase.\necho \"SUCCESS\" > \"${SCRIPT_OUTPUT_FILE_0}\"\n";
			showEnvVarsInLog = 0;
		};
		4C103130F599F2732B692E78 /* [CP] Check Pods Manifest.lock */ = {
			isa = PBXShellScriptBuildPhase;
			buildActionMask = 2147483647;
			files = (
			);
			inputPaths = (
				"${PODS_PODFILE_DIR_PATH}/Podfile.lock",
				"${PODS_ROOT}/Manifest.lock",
			);
			name = "[CP] Check Pods Manifest.lock";
			outputPaths = (
				"$(DERIVED_FILE_DIR)/Pods-GoscaleAsignment-checkManifestLockResult.txt",
			);
			runOnlyForDeploymentPostprocessing = 0;
			shellPath = /bin/sh;
			shellScript = "diff \"${PODS_PODFILE_DIR_PATH}/Podfile.lock\" \"${PODS_ROOT}/Manifest.lock\" > /dev/null\nif [ $? != 0 ] ; then\n    # print error to STDERR\n    echo \"error: The sandbox is not in sync with the Podfile.lock. Run 'pod install' or update your CocoaPods installation.\" >&2\n    exit 1\nfi\n# This output is used by Xcode 'outputs' to avoid re-running this script phase.\necho \"SUCCESS\" > \"${SCRIPT_OUTPUT_FILE_0}\"\n";
			showEnvVarsInLog = 0;
		};
		6777990333610D2BB7BB4AE2 /* [CP] Check Pods Manifest.lock */ = {
			isa = PBXShellScriptBuildPhase;
			buildActionMask = 2147483647;
			files = (
			);
			inputPaths = (
				"${PODS_PODFILE_DIR_PATH}/Podfile.lock",
				"${PODS_ROOT}/Manifest.lock",
			);
			name = "[CP] Check Pods Manifest.lock";
			outputPaths = (
				"$(DERIVED_FILE_DIR)/Pods-GoscaleAsignmentUITests-checkManifestLockResult.txt",
			);
			runOnlyForDeploymentPostprocessing = 0;
			shellPath = /bin/sh;
			shellScript = "diff \"${PODS_PODFILE_DIR_PATH}/Podfile.lock\" \"${PODS_ROOT}/Manifest.lock\" > /dev/null\nif [ $? != 0 ] ; then\n    # print error to STDERR\n    echo \"error: The sandbox is not in sync with the Podfile.lock. Run 'pod install' or update your CocoaPods installation.\" >&2\n    exit 1\nfi\n# This output is used by Xcode 'outputs' to avoid re-running this script phase.\necho \"SUCCESS\" > \"${SCRIPT_OUTPUT_FILE_0}\"\n";
			showEnvVarsInLog = 0;
		};
		FEF6AA8C82A6A6CB95C48CE4 /* [CP] Embed Pods Frameworks */ = {
			isa = PBXShellScriptBuildPhase;
			buildActionMask = 2147483647;
			files = (
			);
			inputPaths = (
				"${SRCROOT}/Pods/Target Support Files/Pods-GoscaleAsignment/Pods-GoscaleAsignment-frameworks.sh",
				"${BUILT_PRODUCTS_DIR}/Charts/Charts.framework",
			);
			name = "[CP] Embed Pods Frameworks";
			outputPaths = (
				"${TARGET_BUILD_DIR}/${FRAMEWORKS_FOLDER_PATH}/Charts.framework",
			);
			runOnlyForDeploymentPostprocessing = 0;
			shellPath = /bin/sh;
			shellScript = "\"${SRCROOT}/Pods/Target Support Files/Pods-GoscaleAsignment/Pods-GoscaleAsignment-frameworks.sh\"\n";
			showEnvVarsInLog = 0;
		};
/* End PBXShellScriptBuildPhase section */

/* Begin PBXSourcesBuildPhase section */
		033F806C20FA4E7C005217E4 /* Sources */ = {
			isa = PBXSourcesBuildPhase;
			buildActionMask = 2147483647;
			files = (
				033F80CF20FBBE96005217E4 /* DemoBaseViewController.swift in Sources */,
				033F807620FA4E7C005217E4 /* ViewController.swift in Sources */,
				033F80B220FB4D9C005217E4 /* NetworkError.swift in Sources */,
				033F807420FA4E7C005217E4 /* AppDelegate.swift in Sources */,
				033F80B320FB4D9C005217E4 /* GANetwork.swift in Sources */,
				033F80B120FB4D9C005217E4 /* NetworkRequestModel.swift in Sources */,
				033F80A720FA50B8005217E4 /* LocationManager.swift in Sources */,
				033F807C20FA4E7C005217E4 /* GoscaleAsignment.xcdatamodeld in Sources */,
				033F80C420FBAA49005217E4 /* CoreDataStack.swift in Sources */,
				033F80C320FBAA49005217E4 /* CoreDataManager.swift in Sources */,
				033F80B020FB4D9C005217E4 /* ReachabilityManager.swift in Sources */,
				033F80A520FA4FE4005217E4 /* Constant.swift in Sources */,
				033F80BB20FB4E2F005217E4 /* AsyncOperation.swift in Sources */,
				033F80BE20FB4EBD005217E4 /* SwiftyJSON.swift in Sources */,
				033F80BA20FB4E2F005217E4 /* NetworkOperation.swift in Sources */,
			);
			runOnlyForDeploymentPostprocessing = 0;
		};
		033F808320FA4E7D005217E4 /* Sources */ = {
			isa = PBXSourcesBuildPhase;
			buildActionMask = 2147483647;
			files = (
				033F808C20FA4E7D005217E4 /* GoscaleAsignmentTests.swift in Sources */,
			);
			runOnlyForDeploymentPostprocessing = 0;
		};
		033F808E20FA4E7D005217E4 /* Sources */ = {
			isa = PBXSourcesBuildPhase;
			buildActionMask = 2147483647;
			files = (
				033F809720FA4E7D005217E4 /* GoscaleAsignmentUITests.swift in Sources */,
			);
			runOnlyForDeploymentPostprocessing = 0;
		};
/* End PBXSourcesBuildPhase section */

/* Begin PBXTargetDependency section */
		033F808920FA4E7D005217E4 /* PBXTargetDependency */ = {
			isa = PBXTargetDependency;
			target = 033F806F20FA4E7C005217E4 /* GoscaleAsignment */;
			targetProxy = 033F808820FA4E7D005217E4 /* PBXContainerItemProxy */;
		};
		033F809420FA4E7D005217E4 /* PBXTargetDependency */ = {
			isa = PBXTargetDependency;
			target = 033F806F20FA4E7C005217E4 /* GoscaleAsignment */;
			targetProxy = 033F809320FA4E7D005217E4 /* PBXContainerItemProxy */;
		};
/* End PBXTargetDependency section */

/* Begin PBXVariantGroup section */
		033F807720FA4E7C005217E4 /* Main.storyboard */ = {
			isa = PBXVariantGroup;
			children = (
				033F807820FA4E7C005217E4 /* Base */,
			);
			name = Main.storyboard;
			sourceTree = "<group>";
		};
		033F807F20FA4E7D005217E4 /* LaunchScreen.storyboard */ = {
			isa = PBXVariantGroup;
			children = (
				033F808020FA4E7D005217E4 /* Base */,
			);
			name = LaunchScreen.storyboard;
			sourceTree = "<group>";
		};
/* End PBXVariantGroup section */

/* Begin XCBuildConfiguration section */
		033F809920FA4E7D005217E4 /* Debug */ = {
			isa = XCBuildConfiguration;
			buildSettings = {
				ALWAYS_SEARCH_USER_PATHS = NO;
				CLANG_ANALYZER_NONNULL = YES;
				CLANG_ANALYZER_NUMBER_OBJECT_CONVERSION = YES_AGGRESSIVE;
				CLANG_CXX_LANGUAGE_STANDARD = "gnu++14";
				CLANG_CXX_LIBRARY = "libc++";
				CLANG_ENABLE_MODULES = YES;
				CLANG_ENABLE_OBJC_ARC = YES;
				CLANG_ENABLE_OBJC_WEAK = YES;
				CLANG_WARN_BLOCK_CAPTURE_AUTORELEASING = YES;
				CLANG_WARN_BOOL_CONVERSION = YES;
				CLANG_WARN_COMMA = YES;
				CLANG_WARN_CONSTANT_CONVERSION = YES;
				CLANG_WARN_DEPRECATED_OBJC_IMPLEMENTATIONS = YES;
				CLANG_WARN_DIRECT_OBJC_ISA_USAGE = YES_ERROR;
				CLANG_WARN_DOCUMENTATION_COMMENTS = YES;
				CLANG_WARN_EMPTY_BODY = YES;
				CLANG_WARN_ENUM_CONVERSION = YES;
				CLANG_WARN_INFINITE_RECURSION = YES;
				CLANG_WARN_INT_CONVERSION = YES;
				CLANG_WARN_NON_LITERAL_NULL_CONVERSION = YES;
				CLANG_WARN_OBJC_IMPLICIT_RETAIN_SELF = YES;
				CLANG_WARN_OBJC_LITERAL_CONVERSION = YES;
				CLANG_WARN_OBJC_ROOT_CLASS = YES_ERROR;
				CLANG_WARN_RANGE_LOOP_ANALYSIS = YES;
				CLANG_WARN_STRICT_PROTOTYPES = YES;
				CLANG_WARN_SUSPICIOUS_MOVE = YES;
				CLANG_WARN_UNGUARDED_AVAILABILITY = YES_AGGRESSIVE;
				CLANG_WARN_UNREACHABLE_CODE = YES;
				CLANG_WARN__DUPLICATE_METHOD_MATCH = YES;
				CODE_SIGN_IDENTITY = "iPhone Developer";
				COPY_PHASE_STRIP = NO;
				DEBUG_INFORMATION_FORMAT = dwarf;
				ENABLE_STRICT_OBJC_MSGSEND = YES;
				ENABLE_TESTABILITY = YES;
				GCC_C_LANGUAGE_STANDARD = gnu11;
				GCC_DYNAMIC_NO_PIC = NO;
				GCC_NO_COMMON_BLOCKS = YES;
				GCC_OPTIMIZATION_LEVEL = 0;
				GCC_PREPROCESSOR_DEFINITIONS = (
					"DEBUG=1",
					"$(inherited)",
				);
				GCC_WARN_64_TO_32_BIT_CONVERSION = YES;
				GCC_WARN_ABOUT_RETURN_TYPE = YES_ERROR;
				GCC_WARN_UNDECLARED_SELECTOR = YES;
				GCC_WARN_UNINITIALIZED_AUTOS = YES_AGGRESSIVE;
				GCC_WARN_UNUSED_FUNCTION = YES;
				GCC_WARN_UNUSED_VARIABLE = YES;
				IPHONEOS_DEPLOYMENT_TARGET = 11.3;
				MTL_ENABLE_DEBUG_INFO = YES;
				ONLY_ACTIVE_ARCH = YES;
				SDKROOT = iphoneos;
				SWIFT_ACTIVE_COMPILATION_CONDITIONS = DEBUG;
				SWIFT_OPTIMIZATION_LEVEL = "-Onone";
			};
			name = Debug;
		};
		033F809A20FA4E7D005217E4 /* Release */ = {
			isa = XCBuildConfiguration;
			buildSettings = {
				ALWAYS_SEARCH_USER_PATHS = NO;
				CLANG_ANALYZER_NONNULL = YES;
				CLANG_ANALYZER_NUMBER_OBJECT_CONVERSION = YES_AGGRESSIVE;
				CLANG_CXX_LANGUAGE_STANDARD = "gnu++14";
				CLANG_CXX_LIBRARY = "libc++";
				CLANG_ENABLE_MODULES = YES;
				CLANG_ENABLE_OBJC_ARC = YES;
				CLANG_ENABLE_OBJC_WEAK = YES;
				CLANG_WARN_BLOCK_CAPTURE_AUTORELEASING = YES;
				CLANG_WARN_BOOL_CONVERSION = YES;
				CLANG_WARN_COMMA = YES;
				CLANG_WARN_CONSTANT_CONVERSION = YES;
				CLANG_WARN_DEPRECATED_OBJC_IMPLEMENTATIONS = YES;
				CLANG_WARN_DIRECT_OBJC_ISA_USAGE = YES_ERROR;
				CLANG_WARN_DOCUMENTATION_COMMENTS = YES;
				CLANG_WARN_EMPTY_BODY = YES;
				CLANG_WARN_ENUM_CONVERSION = YES;
				CLANG_WARN_INFINITE_RECURSION = YES;
				CLANG_WARN_INT_CONVERSION = YES;
				CLANG_WARN_NON_LITERAL_NULL_CONVERSION = YES;
				CLANG_WARN_OBJC_IMPLICIT_RETAIN_SELF = YES;
				CLANG_WARN_OBJC_LITERAL_CONVERSION = YES;
				CLANG_WARN_OBJC_ROOT_CLASS = YES_ERROR;
				CLANG_WARN_RANGE_LOOP_ANALYSIS = YES;
				CLANG_WARN_STRICT_PROTOTYPES = YES;
				CLANG_WARN_SUSPICIOUS_MOVE = YES;
				CLANG_WARN_UNGUARDED_AVAILABILITY = YES_AGGRESSIVE;
				CLANG_WARN_UNREACHABLE_CODE = YES;
				CLANG_WARN__DUPLICATE_METHOD_MATCH = YES;
				CODE_SIGN_IDENTITY = "iPhone Developer";
				COPY_PHASE_STRIP = NO;
				DEBUG_INFORMATION_FORMAT = "dwarf-with-dsym";
				ENABLE_NS_ASSERTIONS = NO;
				ENABLE_STRICT_OBJC_MSGSEND = YES;
				GCC_C_LANGUAGE_STANDARD = gnu11;
				GCC_NO_COMMON_BLOCKS = YES;
				GCC_WARN_64_TO_32_BIT_CONVERSION = YES;
				GCC_WARN_ABOUT_RETURN_TYPE = YES_ERROR;
				GCC_WARN_UNDECLARED_SELECTOR = YES;
				GCC_WARN_UNINITIALIZED_AUTOS = YES_AGGRESSIVE;
				GCC_WARN_UNUSED_FUNCTION = YES;
				GCC_WARN_UNUSED_VARIABLE = YES;
				IPHONEOS_DEPLOYMENT_TARGET = 11.3;
				MTL_ENABLE_DEBUG_INFO = NO;
				SDKROOT = iphoneos;
				SWIFT_COMPILATION_MODE = wholemodule;
				SWIFT_OPTIMIZATION_LEVEL = "-O";
				VALIDATE_PRODUCT = YES;
			};
			name = Release;
		};
		033F809C20FA4E7D005217E4 /* Debug */ = {
			isa = XCBuildConfiguration;
			baseConfigurationReference = FCD9AE9F0D298FE7908AC1C1 /* Pods-GoscaleAsignment.debug.xcconfig */;
			buildSettings = {
				ASSETCATALOG_COMPILER_APPICON_NAME = AppIcon;
				CLANG_ENABLE_MODULES = YES;
				CODE_SIGN_STYLE = Automatic;
				DEVELOPMENT_TEAM = SBXXHFN63C;
				INFOPLIST_FILE = GoscaleAsignment/Info.plist;
				LD_RUNPATH_SEARCH_PATHS = (
					"$(inherited)",
					"@executable_path/Frameworks",
				);
				PRODUCT_BUNDLE_IDENTIFIER = com.itcinfotech.GoscaleAsignment;
				PRODUCT_NAME = "$(TARGET_NAME)";
				SWIFT_OBJC_BRIDGING_HEADER = "";
				SWIFT_OPTIMIZATION_LEVEL = "-Onone";
				SWIFT_VERSION = 4.0;
				TARGETED_DEVICE_FAMILY = "1,2";
			};
			name = Debug;
		};
		033F809D20FA4E7D005217E4 /* Release */ = {
			isa = XCBuildConfiguration;
			baseConfigurationReference = 1CFBB0C2023DF77B109ABF1C /* Pods-GoscaleAsignment.release.xcconfig */;
			buildSettings = {
				ASSETCATALOG_COMPILER_APPICON_NAME = AppIcon;
				CLANG_ENABLE_MODULES = YES;
				CODE_SIGN_STYLE = Automatic;
				DEVELOPMENT_TEAM = SBXXHFN63C;
				INFOPLIST_FILE = GoscaleAsignment/Info.plist;
				LD_RUNPATH_SEARCH_PATHS = (
					"$(inherited)",
					"@executable_path/Frameworks",
				);
				PRODUCT_BUNDLE_IDENTIFIER = com.itcinfotech.GoscaleAsignment;
				PRODUCT_NAME = "$(TARGET_NAME)";
				SWIFT_OBJC_BRIDGING_HEADER = "";
				SWIFT_VERSION = 4.0;
				TARGETED_DEVICE_FAMILY = "1,2";
			};
			name = Release;
		};
		033F809F20FA4E7D005217E4 /* Debug */ = {
			isa = XCBuildConfiguration;
			baseConfigurationReference = 816604BF1DE93804E1F15754 /* Pods-GoscaleAsignmentTests.debug.xcconfig */;
			buildSettings = {
				ALWAYS_EMBED_SWIFT_STANDARD_LIBRARIES = YES;
				BUNDLE_LOADER = "$(TEST_HOST)";
				CODE_SIGN_STYLE = Automatic;
				DEVELOPMENT_TEAM = SBXXHFN63C;
				INFOPLIST_FILE = GoscaleAsignmentTests/Info.plist;
				LD_RUNPATH_SEARCH_PATHS = (
					"$(inherited)",
					"@executable_path/Frameworks",
					"@loader_path/Frameworks",
				);
				PRODUCT_BUNDLE_IDENTIFIER = com.itcinfotech.GoscaleAsignmentTests;
				PRODUCT_NAME = "$(TARGET_NAME)";
				SWIFT_VERSION = 4.0;
				TARGETED_DEVICE_FAMILY = "1,2";
				TEST_HOST = "$(BUILT_PRODUCTS_DIR)/GoscaleAsignment.app/GoscaleAsignment";
			};
			name = Debug;
		};
		033F80A020FA4E7D005217E4 /* Release */ = {
			isa = XCBuildConfiguration;
			baseConfigurationReference = ADF17D5A880B99024C10507D /* Pods-GoscaleAsignmentTests.release.xcconfig */;
			buildSettings = {
				ALWAYS_EMBED_SWIFT_STANDARD_LIBRARIES = YES;
				BUNDLE_LOADER = "$(TEST_HOST)";
				CODE_SIGN_STYLE = Automatic;
				DEVELOPMENT_TEAM = SBXXHFN63C;
				INFOPLIST_FILE = GoscaleAsignmentTests/Info.plist;
				LD_RUNPATH_SEARCH_PATHS = (
					"$(inherited)",
					"@executable_path/Frameworks",
					"@loader_path/Frameworks",
				);
				PRODUCT_BUNDLE_IDENTIFIER = com.itcinfotech.GoscaleAsignmentTests;
				PRODUCT_NAME = "$(TARGET_NAME)";
				SWIFT_VERSION = 4.0;
				TARGETED_DEVICE_FAMILY = "1,2";
				TEST_HOST = "$(BUILT_PRODUCTS_DIR)/GoscaleAsignment.app/GoscaleAsignment";
			};
			name = Release;
		};
		033F80A220FA4E7D005217E4 /* Debug */ = {
			isa = XCBuildConfiguration;
			baseConfigurationReference = A0DA4E5C61B175BB0269A397 /* Pods-GoscaleAsignmentUITests.debug.xcconfig */;
			buildSettings = {
				ALWAYS_EMBED_SWIFT_STANDARD_LIBRARIES = YES;
				CODE_SIGN_STYLE = Automatic;
				DEVELOPMENT_TEAM = SBXXHFN63C;
				INFOPLIST_FILE = GoscaleAsignmentUITests/Info.plist;
				LD_RUNPATH_SEARCH_PATHS = (
					"$(inherited)",
					"@executable_path/Frameworks",
					"@loader_path/Frameworks",
				);
				PRODUCT_BUNDLE_IDENTIFIER = com.itcinfotech.GoscaleAsignmentUITests;
				PRODUCT_NAME = "$(TARGET_NAME)";
				SWIFT_VERSION = 4.0;
				TARGETED_DEVICE_FAMILY = "1,2";
				TEST_TARGET_NAME = GoscaleAsignment;
			};
			name = Debug;
		};
		033F80A320FA4E7D005217E4 /* Release */ = {
			isa = XCBuildConfiguration;
			baseConfigurationReference = E0F7569454167CCE78CF2DEA /* Pods-GoscaleAsignmentUITests.release.xcconfig */;
			buildSettings = {
				ALWAYS_EMBED_SWIFT_STANDARD_LIBRARIES = YES;
				CODE_SIGN_STYLE = Automatic;
				DEVELOPMENT_TEAM = SBXXHFN63C;
				INFOPLIST_FILE = GoscaleAsignmentUITests/Info.plist;
				LD_RUNPATH_SEARCH_PATHS = (
					"$(inherited)",
					"@executable_path/Frameworks",
					"@loader_path/Frameworks",
				);
				PRODUCT_BUNDLE_IDENTIFIER = com.itcinfotech.GoscaleAsignmentUITests;
				PRODUCT_NAME = "$(TARGET_NAME)";
				SWIFT_VERSION = 4.0;
				TARGETED_DEVICE_FAMILY = "1,2";
				TEST_TARGET_NAME = GoscaleAsignment;
			};
			name = Release;
		};
/* End XCBuildConfiguration section */

/* Begin XCConfigurationList section */
		033F806B20FA4E7C005217E4 /* Build configuration list for PBXProject "GoscaleAsignment" */ = {
			isa = XCConfigurationList;
			buildConfigurations = (
				033F809920FA4E7D005217E4 /* Debug */,
				033F809A20FA4E7D005217E4 /* Release */,
			);
			defaultConfigurationIsVisible = 0;
			defaultConfigurationName = Release;
		};
		033F809B20FA4E7D005217E4 /* Build configuration list for PBXNativeTarget "GoscaleAsignment" */ = {
			isa = XCConfigurationList;
			buildConfigurations = (
				033F809C20FA4E7D005217E4 /* Debug */,
				033F809D20FA4E7D005217E4 /* Release */,
			);
			defaultConfigurationIsVisible = 0;
			defaultConfigurationName = Release;
		};
		033F809E20FA4E7D005217E4 /* Build configuration list for PBXNativeTarget "GoscaleAsignmentTests" */ = {
			isa = XCConfigurationList;
			buildConfigurations = (
				033F809F20FA4E7D005217E4 /* Debug */,
				033F80A020FA4E7D005217E4 /* Release */,
			);
			defaultConfigurationIsVisible = 0;
			defaultConfigurationName = Release;
		};
		033F80A120FA4E7D005217E4 /* Build configuration list for PBXNativeTarget "GoscaleAsignmentUITests" */ = {
			isa = XCConfigurationList;
			buildConfigurations = (
				033F80A220FA4E7D005217E4 /* Debug */,
				033F80A320FA4E7D005217E4 /* Release */,
			);
			defaultConfigurationIsVisible = 0;
			defaultConfigurationName = Release;
		};
/* End XCConfigurationList section */

/* Begin XCVersionGroup section */
		033F807A20FA4E7C005217E4 /* GoscaleAsignment.xcdatamodeld */ = {
			isa = XCVersionGroup;
			children = (
				033F807B20FA4E7C005217E4 /* GoscaleAsignment.xcdatamodel */,
			);
			currentVersion = 033F807B20FA4E7C005217E4 /* GoscaleAsignment.xcdatamodel */;
			path = GoscaleAsignment.xcdatamodeld;
			sourceTree = "<group>";
			versionGroupType = wrapper.xcdatamodel;
		};
/* End XCVersionGroup section */
	};
	rootObject = 033F806820FA4E7C005217E4 /* Project object */;
}
